// !$*UTF8*$!
{
	archiveVersion = 1;
	classes = {
	};
	objectVersion = 55;
	objects = {

/* Begin PBXBuildFile section */
		FAD8412D28EECC9B00B32CFB /* AppDelegate.swift in Sources */ = {isa = PBXBuildFile; fileRef = FAD8412C28EECC9B00B32CFB /* AppDelegate.swift */; };
		FAD8412F28EECC9B00B32CFB /* SceneDelegate.swift in Sources */ = {isa = PBXBuildFile; fileRef = FAD8412E28EECC9B00B32CFB /* SceneDelegate.swift */; };
		FAD8413128EECC9B00B32CFB /* SearchViewController.swift in Sources */ = {isa = PBXBuildFile; fileRef = FAD8413028EECC9B00B32CFB /* SearchViewController.swift */; };
		FAD8413428EECC9B00B32CFB /* Main.storyboard in Resources */ = {isa = PBXBuildFile; fileRef = FAD8413228EECC9B00B32CFB /* Main.storyboard */; };
		FAD8413628EECC9B00B32CFB /* Assets.xcassets in Resources */ = {isa = PBXBuildFile; fileRef = FAD8413528EECC9B00B32CFB /* Assets.xcassets */; };
		FAD8413928EECC9B00B32CFB /* LaunchScreen.storyboard in Resources */ = {isa = PBXBuildFile; fileRef = FAD8413728EECC9B00B32CFB /* LaunchScreen.storyboard */; };
		FAD8414228EEF07400B32CFB /* MainTabBarController.swift in Sources */ = {isa = PBXBuildFile; fileRef = FAD8414128EEF07400B32CFB /* MainTabBarController.swift */; };
		FAD8414428EEF9AC00B32CFB /* BuyViewController.swift in Sources */ = {isa = PBXBuildFile; fileRef = FAD8414328EEF9AC00B32CFB /* BuyViewController.swift */; };
		FAD8414628EEF9BB00B32CFB /* ForYouViewController.swift in Sources */ = {isa = PBXBuildFile; fileRef = FAD8414528EEF9BB00B32CFB /* ForYouViewController.swift */; };
		FAD8414828EEF9F900B32CFB /* BasketViewController.swift in Sources */ = {isa = PBXBuildFile; fileRef = FAD8414728EEF9F900B32CFB /* BasketViewController.swift */; };
		FAD8414A28EF2DE800B32CFB /* ProductViewController.swift in Sources */ = {isa = PBXBuildFile; fileRef = FAD8414928EF2DE800B32CFB /* ProductViewController.swift */; };
/* End PBXBuildFile section */

/* Begin PBXFileReference section */
		FAD8412928EECC9B00B32CFB /* AppleShopDZ.app */ = {isa = PBXFileReference; explicitFileType = wrapper.application; includeInIndex = 0; path = AppleShopDZ.app; sourceTree = BUILT_PRODUCTS_DIR; };
		FAD8412C28EECC9B00B32CFB /* AppDelegate.swift */ = {isa = PBXFileReference; lastKnownFileType = sourcecode.swift; path = AppDelegate.swift; sourceTree = "<group>"; };
		FAD8412E28EECC9B00B32CFB /* SceneDelegate.swift */ = {isa = PBXFileReference; lastKnownFileType = sourcecode.swift; path = SceneDelegate.swift; sourceTree = "<group>"; };
		FAD8413028EECC9B00B32CFB /* SearchViewController.swift */ = {isa = PBXFileReference; lastKnownFileType = sourcecode.swift; path = SearchViewController.swift; sourceTree = "<group>"; };
		FAD8413328EECC9B00B32CFB /* Base */ = {isa = PBXFileReference; lastKnownFileType = file.storyboard; name = Base; path = Base.lproj/Main.storyboard; sourceTree = "<group>"; };
		FAD8413528EECC9B00B32CFB /* Assets.xcassets */ = {isa = PBXFileReference; lastKnownFileType = folder.assetcatalog; path = Assets.xcassets; sourceTree = "<group>"; };
		FAD8413828EECC9B00B32CFB /* Base */ = {isa = PBXFileReference; lastKnownFileType = file.storyboard; name = Base; path = Base.lproj/LaunchScreen.storyboard; sourceTree = "<group>"; };
		FAD8413A28EECC9B00B32CFB /* Info.plist */ = {isa = PBXFileReference; lastKnownFileType = text.plist.xml; path = Info.plist; sourceTree = "<group>"; };
		FAD8414128EEF07400B32CFB /* MainTabBarController.swift */ = {isa = PBXFileReference; lastKnownFileType = sourcecode.swift; path = MainTabBarController.swift; sourceTree = "<group>"; };
		FAD8414328EEF9AC00B32CFB /* BuyViewController.swift */ = {isa = PBXFileReference; lastKnownFileType = sourcecode.swift; path = BuyViewController.swift; sourceTree = "<group>"; };
		FAD8414528EEF9BB00B32CFB /* ForYouViewController.swift */ = {isa = PBXFileReference; lastKnownFileType = sourcecode.swift; path = ForYouViewController.swift; sourceTree = "<group>"; };
		FAD8414728EEF9F900B32CFB /* BasketViewController.swift */ = {isa = PBXFileReference; lastKnownFileType = sourcecode.swift; path = BasketViewController.swift; sourceTree = "<group>"; };
		FAD8414928EF2DE800B32CFB /* ProductViewController.swift */ = {isa = PBXFileReference; lastKnownFileType = sourcecode.swift; path = ProductViewController.swift; sourceTree = "<group>"; };
/* End PBXFileReference section */

/* Begin PBXFrameworksBuildPhase section */
		FAD8412628EECC9B00B32CFB /* Frameworks */ = {
			isa = PBXFrameworksBuildPhase;
			buildActionMask = 2147483647;
			files = (
			);
			runOnlyForDeploymentPostprocessing = 0;
		};
/* End PBXFrameworksBuildPhase section */

/* Begin PBXGroup section */
		FAD8412028EECC9B00B32CFB = {
			isa = PBXGroup;
			children = (
				FAD8412B28EECC9B00B32CFB /* AppleShopDZ */,
				FAD8412A28EECC9B00B32CFB /* Products */,
			);
			sourceTree = "<group>";
		};
		FAD8412A28EECC9B00B32CFB /* Products */ = {
			isa = PBXGroup;
			children = (
				FAD8412928EECC9B00B32CFB /* AppleShopDZ.app */,
			);
			name = Products;
			sourceTree = "<group>";
		};
		FAD8412B28EECC9B00B32CFB /* AppleShopDZ */ = {
			isa = PBXGroup;
			children = (
				FAD8412C28EECC9B00B32CFB /* AppDelegate.swift */,
				FAD8412E28EECC9B00B32CFB /* SceneDelegate.swift */,
				FAD8413228EECC9B00B32CFB /* Main.storyboard */,
				FAD8413528EECC9B00B32CFB /* Assets.xcassets */,
				FAD8413728EECC9B00B32CFB /* LaunchScreen.storyboard */,
				FAD8413A28EECC9B00B32CFB /* Info.plist */,
				FAD8414128EEF07400B32CFB /* MainTabBarController.swift */,
				FAD8414328EEF9AC00B32CFB /* BuyViewController.swift */,
				FAD8414528EEF9BB00B32CFB /* ForYouViewController.swift */,
				FAD8413028EECC9B00B32CFB /* SearchViewController.swift */,
				FAD8414728EEF9F900B32CFB /* BasketViewController.swift */,
				FAD8414928EF2DE800B32CFB /* ProductViewController.swift */,
			);
			path = AppleShopDZ;
			sourceTree = "<group>";
		};
/* End PBXGroup section */

/* Begin PBXNativeTarget section */
		FAD8412828EECC9B00B32CFB /* AppleShopDZ */ = {
			isa = PBXNativeTarget;
			buildConfigurationList = FAD8413D28EECC9B00B32CFB /* Build configuration list for PBXNativeTarget "AppleShopDZ" */;
			buildPhases = (
				FAD8412528EECC9B00B32CFB /* Sources */,
				FAD8412628EECC9B00B32CFB /* Frameworks */,
				FAD8412728EECC9B00B32CFB /* Resources */,
				FAD8414028EECEA000B32CFB /* Run SwiftLint */,
			);
			buildRules = (
			);
			dependencies = (
			);
			name = AppleShopDZ;
			productName = AppleShopDZ;
			productReference = FAD8412928EECC9B00B32CFB /* AppleShopDZ.app */;
			productType = "com.apple.product-type.application";
		};
/* End PBXNativeTarget section */

/* Begin PBXProject section */
		FAD8412128EECC9B00B32CFB /* Project object */ = {
			isa = PBXProject;
			attributes = {
				BuildIndependentTargetsInParallel = 1;
				LastSwiftUpdateCheck = 1340;
				LastUpgradeCheck = 1340;
				TargetAttributes = {
					FAD8412828EECC9B00B32CFB = {
						CreatedOnToolsVersion = 13.4.1;
					};
				};
			};
			buildConfigurationList = FAD8412428EECC9B00B32CFB /* Build configuration list for PBXProject "AppleShopDZ" */;
			compatibilityVersion = "Xcode 13.0";
			developmentRegion = en;
			hasScannedForEncodings = 0;
			knownRegions = (
				en,
				Base,
			);
			mainGroup = FAD8412028EECC9B00B32CFB;
			productRefGroup = FAD8412A28EECC9B00B32CFB /* Products */;
			projectDirPath = "";
			projectRoot = "";
			targets = (
				FAD8412828EECC9B00B32CFB /* AppleShopDZ */,
			);
		};
/* End PBXProject section */

/* Begin PBXResourcesBuildPhase section */
		FAD8412728EECC9B00B32CFB /* Resources */ = {
			isa = PBXResourcesBuildPhase;
			buildActionMask = 2147483647;
			files = (
				FAD8413928EECC9B00B32CFB /* LaunchScreen.storyboard in Resources */,
				FAD8413628EECC9B00B32CFB /* Assets.xcassets in Resources */,
				FAD8413428EECC9B00B32CFB /* Main.storyboard in Resources */,
			);
			runOnlyForDeploymentPostprocessing = 0;
		};
/* End PBXResourcesBuildPhase section */

/* Begin PBXShellScriptBuildPhase section */
		FAD8414028EECEA000B32CFB /* Run SwiftLint */ = {
			isa = PBXShellScriptBuildPhase;
			buildActionMask = 2147483647;
			files = (
			);
			inputFileListPaths = (
			);
			inputPaths = (
			);
			name = "Run SwiftLint";
			outputFileListPaths = (
			);
			outputPaths = (
			);
			runOnlyForDeploymentPostprocessing = 0;
			shellPath = /bin/sh;
			shellScript = "export PATH=\"$PATH:/opt/homebrew/bin\"\nif which swiftlint > /dev/null; then\n  swiftlint\nelse\n  echo \"warning: SwiftLint not installed, download from https://github.com/realm/SwiftLint\"\nfi\n";
		};
/* End PBXShellScriptBuildPhase section */

/* Begin PBXSourcesBuildPhase section */
		FAD8412528EECC9B00B32CFB /* Sources */ = {
			isa = PBXSourcesBuildPhase;
			buildActionMask = 2147483647;
			files = (
				FAD8413128EECC9B00B32CFB /* SearchViewController.swift in Sources */,
				FAD8414428EEF9AC00B32CFB /* BuyViewController.swift in Sources */,
				FAD8414828EEF9F900B32CFB /* BasketViewController.swift in Sources */,
				FAD8412D28EECC9B00B32CFB /* AppDelegate.swift in Sources */,
				FAD8414628EEF9BB00B32CFB /* ForYouViewController.swift in Sources */,
				FAD8414228EEF07400B32CFB /* MainTabBarController.swift in Sources */,
				FAD8414A28EF2DE800B32CFB /* ProductViewController.swift in Sources */,
				FAD8412F28EECC9B00B32CFB /* SceneDelegate.swift in Sources */,
			);
			runOnlyForDeploymentPostprocessing = 0;
		};
/* End PBXSourcesBuildPhase section */

/* Begin PBXVariantGroup section */
		FAD8413228EECC9B00B32CFB /* Main.storyboard */ = {
			isa = PBXVariantGroup;
			children = (
				FAD8413328EECC9B00B32CFB /* Base */,
			);
			name = Main.storyboard;
			sourceTree = "<group>";
		};
		FAD8413728EECC9B00B32CFB /* LaunchScreen.storyboard */ = {
			isa = PBXVariantGroup;
			children = (
				FAD8413828EECC9B00B32CFB /* Base */,
			);
			name = LaunchScreen.storyboard;
			sourceTree = "<group>";
		};
/* End PBXVariantGroup section */

/* Begin XCBuildConfiguration section */
		FAD8413B28EECC9B00B32CFB /* Debug */ = {
			isa = XCBuildConfiguration;
			buildSettings = {
				ALWAYS_SEARCH_USER_PATHS = NO;
				CLANG_ANALYZER_NONNULL = YES;
				CLANG_ANALYZER_NUMBER_OBJECT_CONVERSION = YES_AGGRESSIVE;
				CLANG_CXX_LANGUAGE_STANDARD = "gnu++17";
				CLANG_ENABLE_MODULES = YES;
				CLANG_ENABLE_OBJC_ARC = YES;
				CLANG_ENABLE_OBJC_WEAK = YES;
				CLANG_WARN_BLOCK_CAPTURE_AUTORELEASING = YES;
				CLANG_WARN_BOOL_CONVERSION = YES;
				CLANG_WARN_COMMA = YES;
				CLANG_WARN_CONSTANT_CONVERSION = YES;
				CLANG_WARN_DEPRECATED_OBJC_IMPLEMENTATIONS = YES;
				CLANG_WARN_DIRECT_OBJC_ISA_USAGE = YES_ERROR;
				CLANG_WARN_DOCUMENTATION_COMMENTS = YES;
				CLANG_WARN_EMPTY_BODY = YES;
				CLANG_WARN_ENUM_CONVERSION = YES;
				CLANG_WARN_INFINITE_RECURSION = YES;
				CLANG_WARN_INT_CONVERSION = YES;
				CLANG_WARN_NON_LITERAL_NULL_CONVERSION = YES;
				CLANG_WARN_OBJC_IMPLICIT_RETAIN_SELF = YES;
				CLANG_WARN_OBJC_LITERAL_CONVERSION = YES;
				CLANG_WARN_OBJC_ROOT_CLASS = YES_ERROR;
				CLANG_WARN_QUOTED_INCLUDE_IN_FRAMEWORK_HEADER = YES;
				CLANG_WARN_RANGE_LOOP_ANALYSIS = YES;
				CLANG_WARN_STRICT_PROTOTYPES = YES;
				CLANG_WARN_SUSPICIOUS_MOVE = YES;
				CLANG_WARN_UNGUARDED_AVAILABILITY = YES_AGGRESSIVE;
				CLANG_WARN_UNREACHABLE_CODE = YES;
				CLANG_WARN__DUPLICATE_METHOD_MATCH = YES;
				COPY_PHASE_STRIP = NO;
				DEBUG_INFORMATION_FORMAT = dwarf;
				ENABLE_STRICT_OBJC_MSGSEND = YES;
				ENABLE_TESTABILITY = YES;
				GCC_C_LANGUAGE_STANDARD = gnu11;
				GCC_DYNAMIC_NO_PIC = NO;
				GCC_NO_COMMON_BLOCKS = YES;
				GCC_OPTIMIZATION_LEVEL = 0;
				GCC_PREPROCESSOR_DEFINITIONS = (
					"DEBUG=1",
					"$(inherited)",
				);
				GCC_WARN_64_TO_32_BIT_CONVERSION = YES;
				GCC_WARN_ABOUT_RETURN_TYPE = YES_ERROR;
				GCC_WARN_UNDECLARED_SELECTOR = YES;
				GCC_WARN_UNINITIALIZED_AUTOS = YES_AGGRESSIVE;
				GCC_WARN_UNUSED_FUNCTION = YES;
				GCC_WARN_UNUSED_VARIABLE = YES;
				IPHONEOS_DEPLOYMENT_TARGET = 15.5;
				MTL_ENABLE_DEBUG_INFO = INCLUDE_SOURCE;
				MTL_FAST_MATH = YES;
				ONLY_ACTIVE_ARCH = YES;
				SDKROOT = iphoneos;
				SWIFT_ACTIVE_COMPILATION_CONDITIONS = DEBUG;
				SWIFT_OPTIMIZATION_LEVEL = "-Onone";
			};
			name = Debug;
		};
		FAD8413C28EECC9B00B32CFB /* Release */ = {
			isa = XCBuildConfiguration;
			buildSettings = {
				ALWAYS_SEARCH_USER_PATHS = NO;
				CLANG_ANALYZER_NONNULL = YES;
				CLANG_ANALYZER_NUMBER_OBJECT_CONVERSION = YES_AGGRESSIVE;
				CLANG_CXX_LANGUAGE_STANDARD = "gnu++17";
				CLANG_ENABLE_MODULES = YES;
				CLANG_ENABLE_OBJC_ARC = YES;
				CLANG_ENABLE_OBJC_WEAK = YES;
				CLANG_WARN_BLOCK_CAPTURE_AUTORELEASING = YES;
				CLANG_WARN_BOOL_CONVERSION = YES;
				CLANG_WARN_COMMA = YES;
				CLANG_WARN_CONSTANT_CONVERSION = YES;
				CLANG_WARN_DEPRECATED_OBJC_IMPLEMENTATIONS = YES;
				CLANG_WARN_DIRECT_OBJC_ISA_USAGE = YES_ERROR;
				CLANG_WARN_DOCUMENTATION_COMMENTS = YES;
				CLANG_WARN_EMPTY_BODY = YES;
				CLANG_WARN_ENUM_CONVERSION = YES;
				CLANG_WARN_INFINITE_RECURSION = YES;
				CLANG_WARN_INT_CONVERSION = YES;
				CLANG_WARN_NON_LITERAL_NULL_CONVERSION = YES;
				CLANG_WARN_OBJC_IMPLICIT_RETAIN_SELF = YES;
				CLANG_WARN_OBJC_LITERAL_CONVERSION = YES;
				CLANG_WARN_OBJC_ROOT_CLASS = YES_ERROR;
				CLANG_WARN_QUOTED_INCLUDE_IN_FRAMEWORK_HEADER = YES;
				CLANG_WARN_RANGE_LOOP_ANALYSIS = YES;
				CLANG_WARN_STRICT_PROTOTYPES = YES;
				CLANG_WARN_SUSPICIOUS_MOVE = YES;
				CLANG_WARN_UNGUARDED_AVAILABILITY = YES_AGGRESSIVE;
				CLANG_WARN_UNREACHABLE_CODE = YES;
				CLANG_WARN__DUPLICATE_METHOD_MATCH = YES;
				COPY_PHASE_STRIP = NO;
				DEBUG_INFORMATION_FORMAT = "dwarf-with-dsym";
				ENABLE_NS_ASSERTIONS = NO;
				ENABLE_STRICT_OBJC_MSGSEND = YES;
				GCC_C_LANGUAGE_STANDARD = gnu11;
				GCC_NO_COMMON_BLOCKS = YES;
				GCC_WARN_64_TO_32_BIT_CONVERSION = YES;
				GCC_WARN_ABOUT_RETURN_TYPE = YES_ERROR;
				GCC_WARN_UNDECLARED_SELECTOR = YES;
				GCC_WARN_UNINITIALIZED_AUTOS = YES_AGGRESSIVE;
				GCC_WARN_UNUSED_FUNCTION = YES;
				GCC_WARN_UNUSED_VARIABLE = YES;
				IPHONEOS_DEPLOYMENT_TARGET = 15.5;
				MTL_ENABLE_DEBUG_INFO = NO;
				MTL_FAST_MATH = YES;
				SDKROOT = iphoneos;
				SWIFT_COMPILATION_MODE = wholemodule;
				SWIFT_OPTIMIZATION_LEVEL = "-O";
				VALIDATE_PRODUCT = YES;
			};
			name = Release;
		};
		FAD8413E28EECC9B00B32CFB /* Debug */ = {
			isa = XCBuildConfiguration;
			buildSettings = {
				ASSETCATALOG_COMPILER_APPICON_NAME = AppIcon;
				ASSETCATALOG_COMPILER_GLOBAL_ACCENT_COLOR_NAME = AccentColor;
				CODE_SIGN_STYLE = Automatic;
				CURRENT_PROJECT_VERSION = 1;
				DEVELOPMENT_TEAM = CQZ4W374Y4;
				GENERATE_INFOPLIST_FILE = YES;
				INFOPLIST_FILE = AppleShopDZ/Info.plist;
				INFOPLIST_KEY_UIApplicationSupportsIndirectInputEvents = YES;
				INFOPLIST_KEY_UILaunchStoryboardName = LaunchScreen;
				INFOPLIST_KEY_UIMainStoryboardFile = Main;
				INFOPLIST_KEY_UISupportedInterfaceOrientations_iPad = "UIInterfaceOrientationPortrait UIInterfaceOrientationPortraitUpsideDown UIInterfaceOrientationLandscapeLeft UIInterfaceOrientationLandscapeRight";
				INFOPLIST_KEY_UISupportedInterfaceOrientations_iPhone = "UIInterfaceOrientationPortrait UIInterfaceOrientationLandscapeLeft UIInterfaceOrientationLandscapeRight";
				LD_RUNPATH_SEARCH_PATHS = (
					"$(inherited)",
					"@executable_path/Frameworks",
				);
				MARKETING_VERSION = 1.0;
				PRODUCT_BUNDLE_IDENTIFIER = ru.AppleShopDZ;
				PRODUCT_NAME = "$(TARGET_NAME)";
				SWIFT_EMIT_LOC_STRINGS = YES;
				SWIFT_VERSION = 5.0;
				TARGETED_DEVICE_FAMILY = "1,2";
			};
			name = Debug;
		};
		FAD8413F28EECC9B00B32CFB /* Release */ = {
			isa = XCBuildConfiguration;
			buildSettings = {
				ASSETCATALOG_COMPILER_APPICON_NAME = AppIcon;
				ASSETCATALOG_COMPILER_GLOBAL_ACCENT_COLOR_NAME = AccentColor;
				CODE_SIGN_STYLE = Automatic;
				CURRENT_PROJECT_VERSION = 1;
				DEVELOPMENT_TEAM = CQZ4W374Y4;
				GENERATE_INFOPLIST_FILE = YES;
				INFOPLIST_FILE = AppleShopDZ/Info.plist;
				INFOPLIST_KEY_UIApplicationSupportsIndirectInputEvents = YES;
				INFOPLIST_KEY_UILaunchStoryboardName = LaunchScreen;
				INFOPLIST_KEY_UIMainStoryboardFile = Main;
				INFOPLIST_KEY_UISupportedInterfaceOrientations_iPad = "UIInterfaceOrientationPortrait UIInterfaceOrientationPortraitUpsideDown UIInterfaceOrientationLandscapeLeft UIInterfaceOrientationLandscapeRight";
				INFOPLIST_KEY_UISupportedInterfaceOrientations_iPhone = "UIInterfaceOrientationPortrait UIInterfaceOrientationLandscapeLeft UIInterfaceOrientationLandscapeRight";
				LD_RUNPATH_SEARCH_PATHS = (
					"$(inherited)",
					"@executable_path/Frameworks",
				);
				MARKETING_VERSION = 1.0;
				PRODUCT_BUNDLE_IDENTIFIER = ru.AppleShopDZ;
				PRODUCT_NAME = "$(TARGET_NAME)";
				SWIFT_EMIT_LOC_STRINGS = YES;
				SWIFT_VERSION = 5.0;
				TARGETED_DEVICE_FAMILY = "1,2";
			};
			name = Release;
		};
/* End XCBuildConfiguration section */

/* Begin XCConfigurationList section */
		FAD8412428EECC9B00B32CFB /* Build configuration list for PBXProject "AppleShopDZ" */ = {
			isa = XCConfigurationList;
			buildConfigurations = (
				FAD8413B28EECC9B00B32CFB /* Debug */,
				FAD8413C28EECC9B00B32CFB /* Release */,
			);
			defaultConfigurationIsVisible = 0;
			defaultConfigurationName = Release;
		};
		FAD8413D28EECC9B00B32CFB /* Build configuration list for PBXNativeTarget "AppleShopDZ" */ = {
			isa = XCConfigurationList;
			buildConfigurations = (
				FAD8413E28EECC9B00B32CFB /* Debug */,
				FAD8413F28EECC9B00B32CFB /* Release */,
			);
			defaultConfigurationIsVisible = 0;
			defaultConfigurationName = Release;
		};
/* End XCConfigurationList section */
	};
	rootObject = FAD8412128EECC9B00B32CFB /* Project object */;
}
